
Microsoft Visual Studio Solution File, Format Version 12.00
# Visual Studio Version 17
VisualStudioVersion = 17.10.34916.146
MinimumVisualStudioVersion = 10.0.40219.1
Project("{FAE04EC0-301F-11D3-BF4B-00C04F79EFBC}") = "WebAPITest", "WebAPITest.csproj", "{71F19358-A7C6-42F4-8F8C-2DAC28720F8D}"
EndProject
Global
	GlobalSection(SolutionConfigurationPlatforms) = preSolution
		Debug|Any CPU = Debug|Any CPU
		Release|Any CPU = Release|Any CPU
	EndGlobalSection
	GlobalSection(ProjectConfigurationPlatforms) = postSolution
		{71F19358-A7C6-42F4-8F8C-2DAC28720F8D}.Debug|Any CPU.ActiveCfg = Debug|Any CPU
		{71F19358-A7C6-42F4-8F8C-2DAC28720F8D}.Debug|Any CPU.Build.0 = Debug|Any CPU
		{71F19358-A7C6-42F4-8F8C-2DAC28720F8D}.Release|Any CPU.ActiveCfg = Release|Any CPU
		{71F19358-A7C6-42F4-8F8C-2DAC28720F8D}.Release|Any CPU.Build.0 = Release|Any CPU
	EndGlobalSection
	GlobalSection(SolutionProperties) = preSolution
		HideSolutionNode = FALSE
	EndGlobalSection
	GlobalSection(ExtensibilityGlobals) = postSolution
		SolutionGuid = {FAC0D2F1-C565-4F6D-8532-B9162DB77C2D}
	EndGlobalSection
EndGlobal
